// !$*UTF8*$!
{
	archiveVersion = 1;
	classes = {
	};
	objectVersion = 52;
	objects = {

/* Begin PBXBuildFile section */
		210177ED264388B80027899C /* UsageDaily.storyboard in Resources */ = {isa = PBXBuildFile; fileRef = 210177EC264388B80027899C /* UsageDaily.storyboard */; };
		210177F026438CE90027899C /* UsageDailyViewController.swift in Sources */ = {isa = PBXBuildFile; fileRef = 210177EF26438CE90027899C /* UsageDailyViewController.swift */; };
		210177F326438CFB0027899C /* UsageMonthlyViewController.swift in Sources */ = {isa = PBXBuildFile; fileRef = 210177F226438CFB0027899C /* UsageMonthlyViewController.swift */; };
		210177F626438D090027899C /* UsageYearlyViewController.swift in Sources */ = {isa = PBXBuildFile; fileRef = 210177F526438D090027899C /* UsageYearlyViewController.swift */; };
		210177F926438DF90027899C /* UsageMonthly.storyboard in Resources */ = {isa = PBXBuildFile; fileRef = 210177F826438DF90027899C /* UsageMonthly.storyboard */; };
		210177FC26438E070027899C /* UsageYearly.storyboard in Resources */ = {isa = PBXBuildFile; fileRef = 210177FB26438E070027899C /* UsageYearly.storyboard */; };
		2101780F2643913F0027899C /* MonthlyChartFormatter31.swift in Sources */ = {isa = PBXBuildFile; fileRef = 210178092643913E0027899C /* MonthlyChartFormatter31.swift */; };
		210178102643913F0027899C /* YearlyChartFormatter.swift in Sources */ = {isa = PBXBuildFile; fileRef = 2101780A2643913E0027899C /* YearlyChartFormatter.swift */; };
		210178112643913F0027899C /* MonthlyChartFormatter28.swift in Sources */ = {isa = PBXBuildFile; fileRef = 2101780B2643913E0027899C /* MonthlyChartFormatter28.swift */; };
		210178122643913F0027899C /* DailyChartFormatter.swift in Sources */ = {isa = PBXBuildFile; fileRef = 2101780C2643913F0027899C /* DailyChartFormatter.swift */; };
		210178132643913F0027899C /* MonthlyChartFormatter29.swift in Sources */ = {isa = PBXBuildFile; fileRef = 2101780D2643913F0027899C /* MonthlyChartFormatter29.swift */; };
		210178142643913F0027899C /* MonthlyChartFormatter30.swift in Sources */ = {isa = PBXBuildFile; fileRef = 2101780E2643913F0027899C /* MonthlyChartFormatter30.swift */; };
		21017819264391560027899C /* RadarMarkerView.swift in Sources */ = {isa = PBXBuildFile; fileRef = 21017816264391560027899C /* RadarMarkerView.swift */; };
		2101781A264391560027899C /* XYMarkerView.swift in Sources */ = {isa = PBXBuildFile; fileRef = 21017817264391560027899C /* XYMarkerView.swift */; };
		2101781B264391560027899C /* BalloonMarker.swift in Sources */ = {isa = PBXBuildFile; fileRef = 21017818264391560027899C /* BalloonMarker.swift */; };
		2101781E2643C0470027899C /* Notice.storyboard in Resources */ = {isa = PBXBuildFile; fileRef = 2101781D2643C0470027899C /* Notice.storyboard */; };
		210178212643C6490027899C /* Alarm.storyboard in Resources */ = {isa = PBXBuildFile; fileRef = 210178202643C6490027899C /* Alarm.storyboard */; };
		210178242644D3E60027899C /* NoticeListViewController.swift in Sources */ = {isa = PBXBuildFile; fileRef = 210178232644D3E60027899C /* NoticeListViewController.swift */; };
		210178272644D3FB0027899C /* NoticeViewController.swift in Sources */ = {isa = PBXBuildFile; fileRef = 210178262644D3FB0027899C /* NoticeViewController.swift */; };
		2101782A2644D40A0027899C /* AlarmListViewController.swift in Sources */ = {isa = PBXBuildFile; fileRef = 210178292644D40A0027899C /* AlarmListViewController.swift */; };
		2101782D2644D4140027899C /* AlarmViewController.swift in Sources */ = {isa = PBXBuildFile; fileRef = 2101782C2644D4140027899C /* AlarmViewController.swift */; };
		215CF98C26310EEB00F2C3CC /* AppDelegate.swift in Sources */ = {isa = PBXBuildFile; fileRef = 215CF98B26310EEB00F2C3CC /* AppDelegate.swift */; };
		215CF98E26310EEB00F2C3CC /* SceneDelegate.swift in Sources */ = {isa = PBXBuildFile; fileRef = 215CF98D26310EEB00F2C3CC /* SceneDelegate.swift */; };
		215CF99026310EEB00F2C3CC /* MainViewController.swift in Sources */ = {isa = PBXBuildFile; fileRef = 215CF98F26310EEB00F2C3CC /* MainViewController.swift */; };
		215CF99326310EEB00F2C3CC /* Login.storyboard in Resources */ = {isa = PBXBuildFile; fileRef = 215CF99126310EEB00F2C3CC /* Login.storyboard */; };
		215CF99526310EEC00F2C3CC /* Assets.xcassets in Resources */ = {isa = PBXBuildFile; fileRef = 215CF99426310EEC00F2C3CC /* Assets.xcassets */; };
		215CF99826310EEC00F2C3CC /* LaunchScreen.storyboard in Resources */ = {isa = PBXBuildFile; fileRef = 215CF99626310EEC00F2C3CC /* LaunchScreen.storyboard */; };
		215CF9AA26311D0B00F2C3CC /* Color.xcassets in Resources */ = {isa = PBXBuildFile; fileRef = 215CF9A926311D0B00F2C3CC /* Color.xcassets */; };
		215CF9B2263134D000F2C3CC /* Main.storyboard in Resources */ = {isa = PBXBuildFile; fileRef = 215CF9B1263134D000F2C3CC /* Main.storyboard */; };
		215CF9B62631353A00F2C3CC /* LoginViewController.swift in Sources */ = {isa = PBXBuildFile; fileRef = 215CF9B52631353A00F2C3CC /* LoginViewController.swift */; };
		215CF9B92631359C00F2C3CC /* CustomUIViewController.swift in Sources */ = {isa = PBXBuildFile; fileRef = 215CF9B82631359C00F2C3CC /* CustomUIViewController.swift */; };
		215CF9C42631362100F2C3CC /* CaResult.swift in Sources */ = {isa = PBXBuildFile; fileRef = 215CF9BB2631362100F2C3CC /* CaResult.swift */; };
		215CF9C52631362100F2C3CC /* Toast.swift in Sources */ = {isa = PBXBuildFile; fileRef = 215CF9BC2631362100F2C3CC /* Toast.swift */; };
		215CF9C62631362100F2C3CC /* CaPref.swift in Sources */ = {isa = PBXBuildFile; fileRef = 215CF9BD2631362100F2C3CC /* CaPref.swift */; };
		215CF9C72631362100F2C3CC /* CaEngine.swift in Sources */ = {isa = PBXBuildFile; fileRef = 215CF9BE2631362100F2C3CC /* CaEngine.swift */; };
		215CF9C82631362100F2C3CC /* CaInfo.swift in Sources */ = {isa = PBXBuildFile; fileRef = 215CF9BF2631362100F2C3CC /* CaInfo.swift */; };
		215CF9C92631362100F2C3CC /* CaArg.swift in Sources */ = {isa = PBXBuildFile; fileRef = 215CF9C02631362100F2C3CC /* CaArg.swift */; };
		215CF9CA2631362100F2C3CC /* CaApplication.swift in Sources */ = {isa = PBXBuildFile; fileRef = 215CF9C12631362100F2C3CC /* CaApplication.swift */; };
		215CF9CB2631362100F2C3CC /* CaTask.swift in Sources */ = {isa = PBXBuildFile; fileRef = 215CF9C22631362100F2C3CC /* CaTask.swift */; };
		215CF9CC2631362100F2C3CC /* ServicePush.swift in Sources */ = {isa = PBXBuildFile; fileRef = 215CF9C32631362100F2C3CC /* ServicePush.swift */; };
		215CFA242631429000F2C3CC /* _used_btn_dayweek.png in Resources */ = {isa = PBXBuildFile; fileRef = 215CF9E72631428600F2C3CC /* _used_btn_dayweek.png */; };
		215CFA252631429000F2C3CC /* ic_launcher_foreground.xml in Resources */ = {isa = PBXBuildFile; fileRef = 215CF9E82631428600F2C3CC /* ic_launcher_foreground.xml */; };
		215CFA262631429000F2C3CC /* small_dot_gray.png in Resources */ = {isa = PBXBuildFile; fileRef = 215CF9E92631428600F2C3CC /* small_dot_gray.png */; };
		215CFA272631429000F2C3CC /* circle_blue_dark.png in Resources */ = {isa = PBXBuildFile; fileRef = 215CF9EA2631428600F2C3CC /* circle_blue_dark.png */; };
		215CFA282631429000F2C3CC /* small_dot_grass.png in Resources */ = {isa = PBXBuildFile; fileRef = 215CF9EB2631428700F2C3CC /* small_dot_grass.png */; };
		215CFA292631429000F2C3CC /* btn_back_light.png in Resources */ = {isa = PBXBuildFile; fileRef = 215CF9EC2631428700F2C3CC /* btn_back_light.png */; };
		215CFA2A2631429000F2C3CC /* gray_line.png in Resources */ = {isa = PBXBuildFile; fileRef = 215CF9ED2631428700F2C3CC /* gray_line.png */; };
		215CFA2B2631429000F2C3CC /* alarm_icon.png in Resources */ = {isa = PBXBuildFile; fileRef = 215CF9EE2631428700F2C3CC /* alarm_icon.png */; };
		215CFA2C2631429000F2C3CC /* btn_back_colored.png in Resources */ = {isa = PBXBuildFile; fileRef = 215CF9EF2631428700F2C3CC /* btn_back_colored.png */; };
		215CFA2D2631429000F2C3CC /* icon_main.png in Resources */ = {isa = PBXBuildFile; fileRef = 215CF9F02631428700F2C3CC /* icon_main.png */; };
		215CFA2E2631429000F2C3CC /* login_pw.png in Resources */ = {isa = PBXBuildFile; fileRef = 215CF9F12631428800F2C3CC /* login_pw.png */; };
		215CFA2F2631429000F2C3CC /* btn_back.png in Resources */ = {isa = PBXBuildFile; fileRef = 215CF9F22631428800F2C3CC /* btn_back.png */; };
		215CFA302631429000F2C3CC /* small_dot_pink2.png in Resources */ = {isa = PBXBuildFile; fileRef = 215CF9F32631428800F2C3CC /* small_dot_pink2.png */; };
		215CFA312631429000F2C3CC /* dot_cyan.png in Resources */ = {isa = PBXBuildFile; fileRef = 215CF9F42631428800F2C3CC /* dot_cyan.png */; };
		215CFA322631429000F2C3CC /* menu_notice.png in Resources */ = {isa = PBXBuildFile; fileRef = 215CF9F52631428800F2C3CC /* menu_notice.png */; };
		215CFA332631429000F2C3CC /* circle_cyan_light.png in Resources */ = {isa = PBXBuildFile; fileRef = 215CF9F62631428800F2C3CC /* circle_cyan_light.png */; };
		215CFA342631429000F2C3CC /* gray_bar.png in Resources */ = {isa = PBXBuildFile; fileRef = 215CF9F72631428900F2C3CC /* gray_bar.png */; };
		215CFA352631429000F2C3CC /* btn_menu.png in Resources */ = {isa = PBXBuildFile; fileRef = 215CF9F82631428900F2C3CC /* btn_menu.png */; };
		215CFA362631429000F2C3CC /* btn_search.png in Resources */ = {isa = PBXBuildFile; fileRef = 215CF9F92631428900F2C3CC /* btn_search.png */; };
		215CFA372631429000F2C3CC /* small_dot_yellow.png in Resources */ = {isa = PBXBuildFile; fileRef = 215CF9FA2631428900F2C3CC /* small_dot_yellow.png */; };
		215CFA382631429000F2C3CC /* gg_1.png in Resources */ = {isa = PBXBuildFile; fileRef = 215CF9FB2631428900F2C3CC /* gg_1.png */; };
		215CFA392631429000F2C3CC /* small_user.png in Resources */ = {isa = PBXBuildFile; fileRef = 215CF9FC2631428900F2C3CC /* small_user.png */; };
		215CFA3A2631429000F2C3CC /* check_no.png in Resources */ = {isa = PBXBuildFile; fileRef = 215CF9FD2631428A00F2C3CC /* check_no.png */; };
		215CFA3B2631429000F2C3CC /* energy_01.png in Resources */ = {isa = PBXBuildFile; fileRef = 215CF9FE2631428A00F2C3CC /* energy_01.png */; };
		215CFA3C2631429000F2C3CC /* icon_main_150.png in Resources */ = {isa = PBXBuildFile; fileRef = 215CF9FF2631428A00F2C3CC /* icon_main_150.png */; };
		215CFA3D2631429000F2C3CC /* menu_usage.png in Resources */ = {isa = PBXBuildFile; fileRef = 215CFA002631428A00F2C3CC /* menu_usage.png */; };
		215CFA3E2631429000F2C3CC /* icon_bld2.png in Resources */ = {isa = PBXBuildFile; fileRef = 215CFA012631428A00F2C3CC /* icon_bld2.png */; };
		215CFA3F2631429000F2C3CC /* notice_icon.png in Resources */ = {isa = PBXBuildFile; fileRef = 215CFA022631428A00F2C3CC /* notice_icon.png */; };
		215CFA402631429000F2C3CC /* circle_yellow_dark.png in Resources */ = {isa = PBXBuildFile; fileRef = 215CFA032631428A00F2C3CC /* circle_yellow_dark.png */; };
		215CFA412631429000F2C3CC /* btn_plus2.png in Resources */ = {isa = PBXBuildFile; fileRef = 215CFA042631428B00F2C3CC /* btn_plus2.png */; };
		215CFA422631429000F2C3CC /* menu_chart2.png in Resources */ = {isa = PBXBuildFile; fileRef = 215CFA052631428B00F2C3CC /* menu_chart2.png */; };
		215CFA432631429000F2C3CC /* circle_green.png in Resources */ = {isa = PBXBuildFile; fileRef = 215CFA062631428B00F2C3CC /* circle_green.png */; };
		215CFA442631429000F2C3CC /* menu_alarm.png in Resources */ = {isa = PBXBuildFile; fileRef = 215CFA072631428B00F2C3CC /* menu_alarm.png */; };
		215CFA452631429000F2C3CC /* energy_03.png in Resources */ = {isa = PBXBuildFile; fileRef = 215CFA082631428B00F2C3CC /* energy_03.png */; };
		215CFA462631429000F2C3CC /* energy_04.png in Resources */ = {isa = PBXBuildFile; fileRef = 215CFA092631428B00F2C3CC /* energy_04.png */; };
		215CFA472631429000F2C3CC /* check_yes.png in Resources */ = {isa = PBXBuildFile; fileRef = 215CFA0A2631428C00F2C3CC /* check_yes.png */; };
		215CFA482631429000F2C3CC /* _header_back.png in Resources */ = {isa = PBXBuildFile; fileRef = 215CFA0B2631428C00F2C3CC /* _header_back.png */; };
		215CFA492631429000F2C3CC /* dot_yellow.png in Resources */ = {isa = PBXBuildFile; fileRef = 215CFA0C2631428C00F2C3CC /* dot_yellow.png */; };
		215CFA4A2631429000F2C3CC /* main_logo_a.png in Resources */ = {isa = PBXBuildFile; fileRef = 215CFA0D2631428C00F2C3CC /* main_logo_a.png */; };
		215CFA4B2631429000F2C3CC /* menu_chart.png in Resources */ = {isa = PBXBuildFile; fileRef = 215CFA0E2631428C00F2C3CC /* menu_chart.png */; };
		215CFA4C2631429000F2C3CC /* menu_logout.png in Resources */ = {isa = PBXBuildFile; fileRef = 215CFA0F2631428C00F2C3CC /* menu_logout.png */; };
		215CFA4D2631429000F2C3CC /* menu_site_state.png in Resources */ = {isa = PBXBuildFile; fileRef = 215CFA102631428C00F2C3CC /* menu_site_state.png */; };
		215CFA4E2631429000F2C3CC /* main_logo_b.png in Resources */ = {isa = PBXBuildFile; fileRef = 215CFA112631428D00F2C3CC /* main_logo_b.png */; };
		215CFA4F2631429000F2C3CC /* menu_point.png in Resources */ = {isa = PBXBuildFile; fileRef = 215CFA122631428D00F2C3CC /* menu_point.png */; };
		215CFA502631429000F2C3CC /* small_dot_purple.png in Resources */ = {isa = PBXBuildFile; fileRef = 215CFA132631428D00F2C3CC /* small_dot_purple.png */; };
		215CFA512631429000F2C3CC /* rectangular.png in Resources */ = {isa = PBXBuildFile; fileRef = 215CFA142631428D00F2C3CC /* rectangular.png */; };
		215CFA522631429000F2C3CC /* energy_02.png in Resources */ = {isa = PBXBuildFile; fileRef = 215CFA152631428D00F2C3CC /* energy_02.png */; };
		215CFA532631429000F2C3CC /* circle_gray.png in Resources */ = {isa = PBXBuildFile; fileRef = 215CFA162631428D00F2C3CC /* circle_gray.png */; };
		215CFA542631429000F2C3CC /* small_dot_pink.png in Resources */ = {isa = PBXBuildFile; fileRef = 215CFA172631428E00F2C3CC /* small_dot_pink.png */; };
		215CFA552631429000F2C3CC /* btn_menu3.png in Resources */ = {isa = PBXBuildFile; fileRef = 215CFA182631428E00F2C3CC /* btn_menu3.png */; };
		215CFA562631429000F2C3CC /* btn_plus.png in Resources */ = {isa = PBXBuildFile; fileRef = 215CFA192631428F00F2C3CC /* btn_plus.png */; };
		215CFA572631429000F2C3CC /* login_id.png in Resources */ = {isa = PBXBuildFile; fileRef = 215CFA1A2631428F00F2C3CC /* login_id.png */; };
		215CFA582631429000F2C3CC /* energy_06.png in Resources */ = {isa = PBXBuildFile; fileRef = 215CFA1B2631428F00F2C3CC /* energy_06.png */; };
		215CFA592631429000F2C3CC /* energy_05.png in Resources */ = {isa = PBXBuildFile; fileRef = 215CFA1C2631428F00F2C3CC /* energy_05.png */; };
		215CFA5A2631429000F2C3CC /* push_icon.png in Resources */ = {isa = PBXBuildFile; fileRef = 215CFA1D2631428F00F2C3CC /* push_icon.png */; };
		215CFA5B2631429000F2C3CC /* small_password.png in Resources */ = {isa = PBXBuildFile; fileRef = 215CFA1E2631428F00F2C3CC /* small_password.png */; };
		215CFA5C2631429000F2C3CC /* _used_btn_month_on.png in Resources */ = {isa = PBXBuildFile; fileRef = 215CFA1F2631428F00F2C3CC /* _used_btn_month_on.png */; };
		215CFA5D2631429000F2C3CC /* menu_setting.png in Resources */ = {isa = PBXBuildFile; fileRef = 215CFA202631429000F2C3CC /* menu_setting.png */; };
		215CFA5E2631429000F2C3CC /* icon_bld.png in Resources */ = {isa = PBXBuildFile; fileRef = 215CFA212631429000F2C3CC /* icon_bld.png */; };
		215CFA5F2631429000F2C3CC /* _used_btn_day.png in Resources */ = {isa = PBXBuildFile; fileRef = 215CFA222631429000F2C3CC /* _used_btn_day.png */; };
		215CFA602631429000F2C3CC /* circle_cyan_dark.png in Resources */ = {isa = PBXBuildFile; fileRef = 215CFA232631429000F2C3CC /* circle_cyan_dark.png */; };
		215CFA64263152B000F2C3CC /* DesignableUITextField.swift in Sources */ = {isa = PBXBuildFile; fileRef = 215CFA63263152B000F2C3CC /* DesignableUITextField.swift */; };
		215CFA67263152BA00F2C3CC /* CustomSideMenuNavigationController.swift in Sources */ = {isa = PBXBuildFile; fileRef = 215CFA66263152BA00F2C3CC /* CustomSideMenuNavigationController.swift */; };
		215CFA6B263262F100F2C3CC /* CaAlarm.swift in Sources */ = {isa = PBXBuildFile; fileRef = 215CFA69263262F100F2C3CC /* CaAlarm.swift */; };
		215CFA6C263262F100F2C3CC /* CaNotice.swift in Sources */ = {isa = PBXBuildFile; fileRef = 215CFA6A263262F100F2C3CC /* CaNotice.swift */; };
		215CFA6F263264DE00F2C3CC /* CaPlan.swift in Sources */ = {isa = PBXBuildFile; fileRef = 215CFA6E263264DE00F2C3CC /* CaPlan.swift */; };
		215CFA722632662300F2C3CC /* CaAct.swift in Sources */ = {isa = PBXBuildFile; fileRef = 215CFA712632662300F2C3CC /* CaAct.swift */; };
		215CFA752632667E00F2C3CC /* CaActHistory.swift in Sources */ = {isa = PBXBuildFile; fileRef = 215CFA742632667E00F2C3CC /* CaActHistory.swift */; };
		215CFA782632673200F2C3CC /* CaMeter.swift in Sources */ = {isa = PBXBuildFile; fileRef = 215CFA772632673200F2C3CC /* CaMeter.swift */; };
		215CFA7B2632678300F2C3CC /* CaMeterUsage.swift in Sources */ = {isa = PBXBuildFile; fileRef = 215CFA7A2632678300F2C3CC /* CaMeterUsage.swift */; };
		215D0E6426328B110091CD64 /* GoogleService-Info.plist in Resources */ = {isa = PBXBuildFile; fileRef = 215D0E6326328B110091CD64 /* GoogleService-Info.plist */; };
		215D0E6826329C320091CD64 /* ChangePassword.storyboard in Resources */ = {isa = PBXBuildFile; fileRef = 215D0E6726329C320091CD64 /* ChangePassword.storyboard */; };
		215D0E6B26329CA60091CD64 /* ChangePasswordAuthViewController.swift in Sources */ = {isa = PBXBuildFile; fileRef = 215D0E6A26329CA60091CD64 /* ChangePasswordAuthViewController.swift */; };
		215D0E6E26329CC40091CD64 /* ChangePasswordInputViewController.swift in Sources */ = {isa = PBXBuildFile; fileRef = 215D0E6D26329CC40091CD64 /* ChangePasswordInputViewController.swift */; };
		215D0E9826329DF90091CD64 /* arrow_right_hollow.png in Resources */ = {isa = PBXBuildFile; fileRef = 215D0E8B26329DF50091CD64 /* arrow_right_hollow.png */; };
		215D0E9926329DF90091CD64 /* change_password_man.png in Resources */ = {isa = PBXBuildFile; fileRef = 215D0E8C26329DF50091CD64 /* change_password_man.png */; };
		215D0E9A26329DF90091CD64 /* check_disabled_yes.png in Resources */ = {isa = PBXBuildFile; fileRef = 215D0E8D26329DF60091CD64 /* check_disabled_yes.png */; };
		215D0E9B26329DF90091CD64 /* logout.png in Resources */ = {isa = PBXBuildFile; fileRef = 215D0E8E26329DF60091CD64 /* logout.png */; };
		215D0E9C26329DF90091CD64 /* speaker_icon.png in Resources */ = {isa = PBXBuildFile; fileRef = 215D0E8F26329DF60091CD64 /* speaker_icon.png */; };
		215D0E9D26329DF90091CD64 /* notice_eg.png in Resources */ = {isa = PBXBuildFile; fileRef = 215D0E9026329DF70091CD64 /* notice_eg.png */; };
		215D0E9E26329DF90091CD64 /* anonymous_user.png in Resources */ = {isa = PBXBuildFile; fileRef = 215D0E9126329DF70091CD64 /* anonymous_user.png */; };
		215D0E9F26329DF90091CD64 /* arrow_right.png in Resources */ = {isa = PBXBuildFile; fileRef = 215D0E9226329DF70091CD64 /* arrow_right.png */; };
		215D0EA026329DF90091CD64 /* char_notice_detail.png in Resources */ = {isa = PBXBuildFile; fileRef = 215D0E9326329DF80091CD64 /* char_notice_detail.png */; };
		215D0EA126329DF90091CD64 /* notice_site.png in Resources */ = {isa = PBXBuildFile; fileRef = 215D0E9426329DF80091CD64 /* notice_site.png */; };
		215D0EA226329DF90091CD64 /* check_disabled_no.png in Resources */ = {isa = PBXBuildFile; fileRef = 215D0E9526329DF90091CD64 /* check_disabled_no.png */; };
		215D0EA326329DF90091CD64 /* btn_yellow_next.png in Resources */ = {isa = PBXBuildFile; fileRef = 215D0E9626329DF90091CD64 /* btn_yellow_next.png */; };
		215D0EA426329DF90091CD64 /* new_icon.png in Resources */ = {isa = PBXBuildFile; fileRef = 215D0E9726329DF90091CD64 /* new_icon.png */; };
		215D0EA72636915B0091CD64 /* SideMenuViewController.swift in Sources */ = {isa = PBXBuildFile; fileRef = 215D0EA62636915B0091CD64 /* SideMenuViewController.swift */; };
		215D0EAB26369DB30091CD64 /* TTGaugeView in Frameworks */ = {isa = PBXBuildFile; productRef = 215D0EAA26369DB30091CD64 /* TTGaugeView */; };
		215D0F232638FB9D0091CD64 /* Saving.storyboard in Resources */ = {isa = PBXBuildFile; fileRef = 215D0F222638FB9D0091CD64 /* Saving.storyboard */; };
		215D0F26263904260091CD64 /* SavingViewController.swift in Sources */ = {isa = PBXBuildFile; fileRef = 215D0F25263904260091CD64 /* SavingViewController.swift */; };
		21CCC1642648D25500EB219E /* Setting.storyboard in Resources */ = {isa = PBXBuildFile; fileRef = 21CCC1632648D25500EB219E /* Setting.storyboard */; };
		21CCC1662648D26F00EB219E /* SettingViewController.swift in Sources */ = {isa = PBXBuildFile; fileRef = 21CCC1652648D26F00EB219E /* SettingViewController.swift */; };
		F23D9EF620D848FCE765FB30 /* Pods_EgBuilding.framework in Frameworks */ = {isa = PBXBuildFile; fileRef = 9FAFFCF6844B3C33829908EC /* Pods_EgBuilding.framework */; };
/* End PBXBuildFile section */

/* Begin PBXFileReference section */
		210177EC264388B80027899C /* UsageDaily.storyboard */ = {isa = PBXFileReference; lastKnownFileType = file.storyboard; path = UsageDaily.storyboard; sourceTree = "<group>"; };
		210177EF26438CE90027899C /* UsageDailyViewController.swift */ = {isa = PBXFileReference; lastKnownFileType = sourcecode.swift; path = UsageDailyViewController.swift; sourceTree = "<group>"; };
		210177F226438CFB0027899C /* UsageMonthlyViewController.swift */ = {isa = PBXFileReference; lastKnownFileType = sourcecode.swift; path = UsageMonthlyViewController.swift; sourceTree = "<group>"; };
		210177F526438D090027899C /* UsageYearlyViewController.swift */ = {isa = PBXFileReference; lastKnownFileType = sourcecode.swift; path = UsageYearlyViewController.swift; sourceTree = "<group>"; };
		210177F826438DF90027899C /* UsageMonthly.storyboard */ = {isa = PBXFileReference; lastKnownFileType = file.storyboard; path = UsageMonthly.storyboard; sourceTree = "<group>"; };
		210177FB26438E070027899C /* UsageYearly.storyboard */ = {isa = PBXFileReference; lastKnownFileType = file.storyboard; path = UsageYearly.storyboard; sourceTree = "<group>"; };
		210178092643913E0027899C /* MonthlyChartFormatter31.swift */ = {isa = PBXFileReference; fileEncoding = 4; lastKnownFileType = sourcecode.swift; name = MonthlyChartFormatter31.swift; path = "../../../../EgService 2/EgService/Formatters/MonthlyChartFormatter31.swift"; sourceTree = "<group>"; };
		2101780A2643913E0027899C /* YearlyChartFormatter.swift */ = {isa = PBXFileReference; fileEncoding = 4; lastKnownFileType = sourcecode.swift; name = YearlyChartFormatter.swift; path = "../../../../EgService 2/EgService/Formatters/YearlyChartFormatter.swift"; sourceTree = "<group>"; };
		2101780B2643913E0027899C /* MonthlyChartFormatter28.swift */ = {isa = PBXFileReference; fileEncoding = 4; lastKnownFileType = sourcecode.swift; name = MonthlyChartFormatter28.swift; path = "../../../../EgService 2/EgService/Formatters/MonthlyChartFormatter28.swift"; sourceTree = "<group>"; };
		2101780C2643913F0027899C /* DailyChartFormatter.swift */ = {isa = PBXFileReference; fileEncoding = 4; lastKnownFileType = sourcecode.swift; name = DailyChartFormatter.swift; path = "../../../../EgService 2/EgService/Formatters/DailyChartFormatter.swift"; sourceTree = "<group>"; };
		2101780D2643913F0027899C /* MonthlyChartFormatter29.swift */ = {isa = PBXFileReference; fileEncoding = 4; lastKnownFileType = sourcecode.swift; name = MonthlyChartFormatter29.swift; path = "../../../../EgService 2/EgService/Formatters/MonthlyChartFormatter29.swift"; sourceTree = "<group>"; };
		2101780E2643913F0027899C /* MonthlyChartFormatter30.swift */ = {isa = PBXFileReference; fileEncoding = 4; lastKnownFileType = sourcecode.swift; name = MonthlyChartFormatter30.swift; path = "../../../../EgService 2/EgService/Formatters/MonthlyChartFormatter30.swift"; sourceTree = "<group>"; };
		21017816264391560027899C /* RadarMarkerView.swift */ = {isa = PBXFileReference; fileEncoding = 4; lastKnownFileType = sourcecode.swift; name = RadarMarkerView.swift; path = "../../../../EgService 2/EgService/Components/RadarMarkerView.swift"; sourceTree = "<group>"; };
		21017817264391560027899C /* XYMarkerView.swift */ = {isa = PBXFileReference; fileEncoding = 4; lastKnownFileType = sourcecode.swift; name = XYMarkerView.swift; path = "../../../../EgService 2/EgService/Components/XYMarkerView.swift"; sourceTree = "<group>"; };
		21017818264391560027899C /* BalloonMarker.swift */ = {isa = PBXFileReference; fileEncoding = 4; lastKnownFileType = sourcecode.swift; name = BalloonMarker.swift; path = "../../../../EgService 2/EgService/Components/BalloonMarker.swift"; sourceTree = "<group>"; };
		2101781D2643C0470027899C /* Notice.storyboard */ = {isa = PBXFileReference; lastKnownFileType = file.storyboard; path = Notice.storyboard; sourceTree = "<group>"; };
		210178202643C6490027899C /* Alarm.storyboard */ = {isa = PBXFileReference; lastKnownFileType = file.storyboard; path = Alarm.storyboard; sourceTree = "<group>"; };
		210178232644D3E60027899C /* NoticeListViewController.swift */ = {isa = PBXFileReference; lastKnownFileType = sourcecode.swift; path = NoticeListViewController.swift; sourceTree = "<group>"; };
		210178262644D3FB0027899C /* NoticeViewController.swift */ = {isa = PBXFileReference; lastKnownFileType = sourcecode.swift; path = NoticeViewController.swift; sourceTree = "<group>"; };
		210178292644D40A0027899C /* AlarmListViewController.swift */ = {isa = PBXFileReference; lastKnownFileType = sourcecode.swift; path = AlarmListViewController.swift; sourceTree = "<group>"; };
		2101782C2644D4140027899C /* AlarmViewController.swift */ = {isa = PBXFileReference; lastKnownFileType = sourcecode.swift; path = AlarmViewController.swift; sourceTree = "<group>"; };
		215CF98826310EEB00F2C3CC /* EgBuilding.app */ = {isa = PBXFileReference; explicitFileType = wrapper.application; includeInIndex = 0; path = EgBuilding.app; sourceTree = BUILT_PRODUCTS_DIR; };
		215CF98B26310EEB00F2C3CC /* AppDelegate.swift */ = {isa = PBXFileReference; lastKnownFileType = sourcecode.swift; path = AppDelegate.swift; sourceTree = "<group>"; };
		215CF98D26310EEB00F2C3CC /* SceneDelegate.swift */ = {isa = PBXFileReference; lastKnownFileType = sourcecode.swift; path = SceneDelegate.swift; sourceTree = "<group>"; };
		215CF98F26310EEB00F2C3CC /* MainViewController.swift */ = {isa = PBXFileReference; lastKnownFileType = sourcecode.swift; path = MainViewController.swift; sourceTree = "<group>"; };
		215CF99226310EEB00F2C3CC /* Base */ = {isa = PBXFileReference; lastKnownFileType = file.storyboard; name = Base; path = Base.lproj/Login.storyboard; sourceTree = "<group>"; };
		215CF99426310EEC00F2C3CC /* Assets.xcassets */ = {isa = PBXFileReference; lastKnownFileType = folder.assetcatalog; path = Assets.xcassets; sourceTree = "<group>"; };
		215CF99726310EEC00F2C3CC /* Base */ = {isa = PBXFileReference; lastKnownFileType = file.storyboard; name = Base; path = Base.lproj/LaunchScreen.storyboard; sourceTree = "<group>"; };
		215CF99926310EEC00F2C3CC /* Info.plist */ = {isa = PBXFileReference; lastKnownFileType = text.plist.xml; path = Info.plist; sourceTree = "<group>"; };
		215CF9A926311D0B00F2C3CC /* Color.xcassets */ = {isa = PBXFileReference; lastKnownFileType = folder.assetcatalog; path = Color.xcassets; sourceTree = "<group>"; };
		215CF9B1263134D000F2C3CC /* Main.storyboard */ = {isa = PBXFileReference; lastKnownFileType = file.storyboard; path = Main.storyboard; sourceTree = "<group>"; };
		215CF9B52631353A00F2C3CC /* LoginViewController.swift */ = {isa = PBXFileReference; lastKnownFileType = sourcecode.swift; path = LoginViewController.swift; sourceTree = "<group>"; };
		215CF9B82631359C00F2C3CC /* CustomUIViewController.swift */ = {isa = PBXFileReference; lastKnownFileType = sourcecode.swift; path = CustomUIViewController.swift; sourceTree = "<group>"; };
		215CF9BB2631362100F2C3CC /* CaResult.swift */ = {isa = PBXFileReference; fileEncoding = 4; lastKnownFileType = sourcecode.swift; path = CaResult.swift; sourceTree = "<group>"; };
		215CF9BC2631362100F2C3CC /* Toast.swift */ = {isa = PBXFileReference; fileEncoding = 4; lastKnownFileType = sourcecode.swift; path = Toast.swift; sourceTree = "<group>"; };
		215CF9BD2631362100F2C3CC /* CaPref.swift */ = {isa = PBXFileReference; fileEncoding = 4; lastKnownFileType = sourcecode.swift; path = CaPref.swift; sourceTree = "<group>"; };
		215CF9BE2631362100F2C3CC /* CaEngine.swift */ = {isa = PBXFileReference; fileEncoding = 4; lastKnownFileType = sourcecode.swift; path = CaEngine.swift; sourceTree = "<group>"; };
		215CF9BF2631362100F2C3CC /* CaInfo.swift */ = {isa = PBXFileReference; fileEncoding = 4; lastKnownFileType = sourcecode.swift; path = CaInfo.swift; sourceTree = "<group>"; };
		215CF9C02631362100F2C3CC /* CaArg.swift */ = {isa = PBXFileReference; fileEncoding = 4; lastKnownFileType = sourcecode.swift; path = CaArg.swift; sourceTree = "<group>"; };
		215CF9C12631362100F2C3CC /* CaApplication.swift */ = {isa = PBXFileReference; fileEncoding = 4; lastKnownFileType = sourcecode.swift; path = CaApplication.swift; sourceTree = "<group>"; };
		215CF9C22631362100F2C3CC /* CaTask.swift */ = {isa = PBXFileReference; fileEncoding = 4; lastKnownFileType = sourcecode.swift; path = CaTask.swift; sourceTree = "<group>"; };
		215CF9C32631362100F2C3CC /* ServicePush.swift */ = {isa = PBXFileReference; fileEncoding = 4; lastKnownFileType = sourcecode.swift; path = ServicePush.swift; sourceTree = "<group>"; };
		215CF9E72631428600F2C3CC /* _used_btn_dayweek.png */ = {isa = PBXFileReference; lastKnownFileType = image.png; path = _used_btn_dayweek.png; sourceTree = "<group>"; };
		215CF9E82631428600F2C3CC /* ic_launcher_foreground.xml */ = {isa = PBXFileReference; fileEncoding = 4; lastKnownFileType = text.xml; path = ic_launcher_foreground.xml; sourceTree = "<group>"; };
		215CF9E92631428600F2C3CC /* small_dot_gray.png */ = {isa = PBXFileReference; lastKnownFileType = image.png; path = small_dot_gray.png; sourceTree = "<group>"; };
		215CF9EA2631428600F2C3CC /* circle_blue_dark.png */ = {isa = PBXFileReference; lastKnownFileType = image.png; path = circle_blue_dark.png; sourceTree = "<group>"; };
		215CF9EB2631428700F2C3CC /* small_dot_grass.png */ = {isa = PBXFileReference; lastKnownFileType = image.png; path = small_dot_grass.png; sourceTree = "<group>"; };
		215CF9EC2631428700F2C3CC /* btn_back_light.png */ = {isa = PBXFileReference; lastKnownFileType = image.png; path = btn_back_light.png; sourceTree = "<group>"; };
		215CF9ED2631428700F2C3CC /* gray_line.png */ = {isa = PBXFileReference; lastKnownFileType = image.png; path = gray_line.png; sourceTree = "<group>"; };
		215CF9EE2631428700F2C3CC /* alarm_icon.png */ = {isa = PBXFileReference; lastKnownFileType = image.png; path = alarm_icon.png; sourceTree = "<group>"; };
		215CF9EF2631428700F2C3CC /* btn_back_colored.png */ = {isa = PBXFileReference; lastKnownFileType = image.png; path = btn_back_colored.png; sourceTree = "<group>"; };
		215CF9F02631428700F2C3CC /* icon_main.png */ = {isa = PBXFileReference; lastKnownFileType = image.png; path = icon_main.png; sourceTree = "<group>"; };
		215CF9F12631428800F2C3CC /* login_pw.png */ = {isa = PBXFileReference; lastKnownFileType = image.png; path = login_pw.png; sourceTree = "<group>"; };
		215CF9F22631428800F2C3CC /* btn_back.png */ = {isa = PBXFileReference; lastKnownFileType = image.png; path = btn_back.png; sourceTree = "<group>"; };
		215CF9F32631428800F2C3CC /* small_dot_pink2.png */ = {isa = PBXFileReference; lastKnownFileType = image.png; path = small_dot_pink2.png; sourceTree = "<group>"; };
		215CF9F42631428800F2C3CC /* dot_cyan.png */ = {isa = PBXFileReference; lastKnownFileType = image.png; path = dot_cyan.png; sourceTree = "<group>"; };
		215CF9F52631428800F2C3CC /* menu_notice.png */ = {isa = PBXFileReference; lastKnownFileType = image.png; path = menu_notice.png; sourceTree = "<group>"; };
		215CF9F62631428800F2C3CC /* circle_cyan_light.png */ = {isa = PBXFileReference; lastKnownFileType = image.png; path = circle_cyan_light.png; sourceTree = "<group>"; };
		215CF9F72631428900F2C3CC /* gray_bar.png */ = {isa = PBXFileReference; lastKnownFileType = image.png; path = gray_bar.png; sourceTree = "<group>"; };
		215CF9F82631428900F2C3CC /* btn_menu.png */ = {isa = PBXFileReference; lastKnownFileType = image.png; path = btn_menu.png; sourceTree = "<group>"; };
		215CF9F92631428900F2C3CC /* btn_search.png */ = {isa = PBXFileReference; lastKnownFileType = image.png; path = btn_search.png; sourceTree = "<group>"; };
		215CF9FA2631428900F2C3CC /* small_dot_yellow.png */ = {isa = PBXFileReference; lastKnownFileType = image.png; path = small_dot_yellow.png; sourceTree = "<group>"; };
		215CF9FB2631428900F2C3CC /* gg_1.png */ = {isa = PBXFileReference; lastKnownFileType = image.png; path = gg_1.png; sourceTree = "<group>"; };
		215CF9FC2631428900F2C3CC /* small_user.png */ = {isa = PBXFileReference; lastKnownFileType = image.png; path = small_user.png; sourceTree = "<group>"; };
		215CF9FD2631428A00F2C3CC /* check_no.png */ = {isa = PBXFileReference; lastKnownFileType = image.png; path = check_no.png; sourceTree = "<group>"; };
		215CF9FE2631428A00F2C3CC /* energy_01.png */ = {isa = PBXFileReference; lastKnownFileType = image.png; path = energy_01.png; sourceTree = "<group>"; };
		215CF9FF2631428A00F2C3CC /* icon_main_150.png */ = {isa = PBXFileReference; lastKnownFileType = image.png; path = icon_main_150.png; sourceTree = "<group>"; };
		215CFA002631428A00F2C3CC /* menu_usage.png */ = {isa = PBXFileReference; lastKnownFileType = image.png; path = menu_usage.png; sourceTree = "<group>"; };
		215CFA012631428A00F2C3CC /* icon_bld2.png */ = {isa = PBXFileReference; lastKnownFileType = image.png; path = icon_bld2.png; sourceTree = "<group>"; };
		215CFA022631428A00F2C3CC /* notice_icon.png */ = {isa = PBXFileReference; lastKnownFileType = image.png; path = notice_icon.png; sourceTree = "<group>"; };
		215CFA032631428A00F2C3CC /* circle_yellow_dark.png */ = {isa = PBXFileReference; lastKnownFileType = image.png; path = circle_yellow_dark.png; sourceTree = "<group>"; };
		215CFA042631428B00F2C3CC /* btn_plus2.png */ = {isa = PBXFileReference; lastKnownFileType = image.png; path = btn_plus2.png; sourceTree = "<group>"; };
		215CFA052631428B00F2C3CC /* menu_chart2.png */ = {isa = PBXFileReference; lastKnownFileType = image.png; path = menu_chart2.png; sourceTree = "<group>"; };
		215CFA062631428B00F2C3CC /* circle_green.png */ = {isa = PBXFileReference; lastKnownFileType = image.png; path = circle_green.png; sourceTree = "<group>"; };
		215CFA072631428B00F2C3CC /* menu_alarm.png */ = {isa = PBXFileReference; lastKnownFileType = image.png; path = menu_alarm.png; sourceTree = "<group>"; };
		215CFA082631428B00F2C3CC /* energy_03.png */ = {isa = PBXFileReference; lastKnownFileType = image.png; path = energy_03.png; sourceTree = "<group>"; };
		215CFA092631428B00F2C3CC /* energy_04.png */ = {isa = PBXFileReference; lastKnownFileType = image.png; path = energy_04.png; sourceTree = "<group>"; };
		215CFA0A2631428C00F2C3CC /* check_yes.png */ = {isa = PBXFileReference; lastKnownFileType = image.png; path = check_yes.png; sourceTree = "<group>"; };
		215CFA0B2631428C00F2C3CC /* _header_back.png */ = {isa = PBXFileReference; lastKnownFileType = image.png; path = _header_back.png; sourceTree = "<group>"; };
		215CFA0C2631428C00F2C3CC /* dot_yellow.png */ = {isa = PBXFileReference; lastKnownFileType = image.png; path = dot_yellow.png; sourceTree = "<group>"; };
		215CFA0D2631428C00F2C3CC /* main_logo_a.png */ = {isa = PBXFileReference; lastKnownFileType = image.png; path = main_logo_a.png; sourceTree = "<group>"; };
		215CFA0E2631428C00F2C3CC /* menu_chart.png */ = {isa = PBXFileReference; lastKnownFileType = image.png; path = menu_chart.png; sourceTree = "<group>"; };
		215CFA0F2631428C00F2C3CC /* menu_logout.png */ = {isa = PBXFileReference; lastKnownFileType = image.png; path = menu_logout.png; sourceTree = "<group>"; };
		215CFA102631428C00F2C3CC /* menu_site_state.png */ = {isa = PBXFileReference; lastKnownFileType = image.png; path = menu_site_state.png; sourceTree = "<group>"; };
		215CFA112631428D00F2C3CC /* main_logo_b.png */ = {isa = PBXFileReference; lastKnownFileType = image.png; path = main_logo_b.png; sourceTree = "<group>"; };
		215CFA122631428D00F2C3CC /* menu_point.png */ = {isa = PBXFileReference; lastKnownFileType = image.png; path = menu_point.png; sourceTree = "<group>"; };
		215CFA132631428D00F2C3CC /* small_dot_purple.png */ = {isa = PBXFileReference; lastKnownFileType = image.png; path = small_dot_purple.png; sourceTree = "<group>"; };
		215CFA142631428D00F2C3CC /* rectangular.png */ = {isa = PBXFileReference; lastKnownFileType = image.png; path = rectangular.png; sourceTree = "<group>"; };
		215CFA152631428D00F2C3CC /* energy_02.png */ = {isa = PBXFileReference; lastKnownFileType = image.png; path = energy_02.png; sourceTree = "<group>"; };
		215CFA162631428D00F2C3CC /* circle_gray.png */ = {isa = PBXFileReference; lastKnownFileType = image.png; path = circle_gray.png; sourceTree = "<group>"; };
		215CFA172631428E00F2C3CC /* small_dot_pink.png */ = {isa = PBXFileReference; lastKnownFileType = image.png; path = small_dot_pink.png; sourceTree = "<group>"; };
		215CFA182631428E00F2C3CC /* btn_menu3.png */ = {isa = PBXFileReference; lastKnownFileType = image.png; path = btn_menu3.png; sourceTree = "<group>"; };
		215CFA192631428F00F2C3CC /* btn_plus.png */ = {isa = PBXFileReference; lastKnownFileType = image.png; path = btn_plus.png; sourceTree = "<group>"; };
		215CFA1A2631428F00F2C3CC /* login_id.png */ = {isa = PBXFileReference; lastKnownFileType = image.png; path = login_id.png; sourceTree = "<group>"; };
		215CFA1B2631428F00F2C3CC /* energy_06.png */ = {isa = PBXFileReference; lastKnownFileType = image.png; path = energy_06.png; sourceTree = "<group>"; };
		215CFA1C2631428F00F2C3CC /* energy_05.png */ = {isa = PBXFileReference; lastKnownFileType = image.png; path = energy_05.png; sourceTree = "<group>"; };
		215CFA1D2631428F00F2C3CC /* push_icon.png */ = {isa = PBXFileReference; lastKnownFileType = image.png; path = push_icon.png; sourceTree = "<group>"; };
		215CFA1E2631428F00F2C3CC /* small_password.png */ = {isa = PBXFileReference; lastKnownFileType = image.png; path = small_password.png; sourceTree = "<group>"; };
		215CFA1F2631428F00F2C3CC /* _used_btn_month_on.png */ = {isa = PBXFileReference; lastKnownFileType = image.png; path = _used_btn_month_on.png; sourceTree = "<group>"; };
		215CFA202631429000F2C3CC /* menu_setting.png */ = {isa = PBXFileReference; lastKnownFileType = image.png; path = menu_setting.png; sourceTree = "<group>"; };
		215CFA212631429000F2C3CC /* icon_bld.png */ = {isa = PBXFileReference; lastKnownFileType = image.png; path = icon_bld.png; sourceTree = "<group>"; };
		215CFA222631429000F2C3CC /* _used_btn_day.png */ = {isa = PBXFileReference; lastKnownFileType = image.png; path = _used_btn_day.png; sourceTree = "<group>"; };
		215CFA232631429000F2C3CC /* circle_cyan_dark.png */ = {isa = PBXFileReference; lastKnownFileType = image.png; path = circle_cyan_dark.png; sourceTree = "<group>"; };
		215CFA63263152B000F2C3CC /* DesignableUITextField.swift */ = {isa = PBXFileReference; fileEncoding = 4; lastKnownFileType = sourcecode.swift; path = DesignableUITextField.swift; sourceTree = "<group>"; };
		215CFA66263152BA00F2C3CC /* CustomSideMenuNavigationController.swift */ = {isa = PBXFileReference; fileEncoding = 4; lastKnownFileType = sourcecode.swift; path = CustomSideMenuNavigationController.swift; sourceTree = "<group>"; };
		215CFA69263262F100F2C3CC /* CaAlarm.swift */ = {isa = PBXFileReference; fileEncoding = 4; lastKnownFileType = sourcecode.swift; path = CaAlarm.swift; sourceTree = "<group>"; };
		215CFA6A263262F100F2C3CC /* CaNotice.swift */ = {isa = PBXFileReference; fileEncoding = 4; lastKnownFileType = sourcecode.swift; path = CaNotice.swift; sourceTree = "<group>"; };
		215CFA6E263264DE00F2C3CC /* CaPlan.swift */ = {isa = PBXFileReference; lastKnownFileType = sourcecode.swift; path = CaPlan.swift; sourceTree = "<group>"; };
		215CFA712632662300F2C3CC /* CaAct.swift */ = {isa = PBXFileReference; lastKnownFileType = sourcecode.swift; path = CaAct.swift; sourceTree = "<group>"; };
		215CFA742632667E00F2C3CC /* CaActHistory.swift */ = {isa = PBXFileReference; lastKnownFileType = sourcecode.swift; path = CaActHistory.swift; sourceTree = "<group>"; };
		215CFA772632673200F2C3CC /* CaMeter.swift */ = {isa = PBXFileReference; lastKnownFileType = sourcecode.swift; path = CaMeter.swift; sourceTree = "<group>"; };
		215CFA7A2632678300F2C3CC /* CaMeterUsage.swift */ = {isa = PBXFileReference; lastKnownFileType = sourcecode.swift; path = CaMeterUsage.swift; sourceTree = "<group>"; };
		215D0E6326328B110091CD64 /* GoogleService-Info.plist */ = {isa = PBXFileReference; fileEncoding = 4; lastKnownFileType = text.plist.xml; path = "GoogleService-Info.plist"; sourceTree = "<group>"; };
		215D0E6726329C320091CD64 /* ChangePassword.storyboard */ = {isa = PBXFileReference; lastKnownFileType = file.storyboard; path = ChangePassword.storyboard; sourceTree = "<group>"; };
		215D0E6A26329CA60091CD64 /* ChangePasswordAuthViewController.swift */ = {isa = PBXFileReference; lastKnownFileType = sourcecode.swift; path = ChangePasswordAuthViewController.swift; sourceTree = "<group>"; };
		215D0E6D26329CC40091CD64 /* ChangePasswordInputViewController.swift */ = {isa = PBXFileReference; lastKnownFileType = sourcecode.swift; path = ChangePasswordInputViewController.swift; sourceTree = "<group>"; };
		215D0E8B26329DF50091CD64 /* arrow_right_hollow.png */ = {isa = PBXFileReference; lastKnownFileType = image.png; path = arrow_right_hollow.png; sourceTree = "<group>"; };
		215D0E8C26329DF50091CD64 /* change_password_man.png */ = {isa = PBXFileReference; lastKnownFileType = image.png; path = change_password_man.png; sourceTree = "<group>"; };
		215D0E8D26329DF60091CD64 /* check_disabled_yes.png */ = {isa = PBXFileReference; lastKnownFileType = image.png; path = check_disabled_yes.png; sourceTree = "<group>"; };
		215D0E8E26329DF60091CD64 /* logout.png */ = {isa = PBXFileReference; lastKnownFileType = image.png; path = logout.png; sourceTree = "<group>"; };
		215D0E8F26329DF60091CD64 /* speaker_icon.png */ = {isa = PBXFileReference; lastKnownFileType = image.png; path = speaker_icon.png; sourceTree = "<group>"; };
		215D0E9026329DF70091CD64 /* notice_eg.png */ = {isa = PBXFileReference; lastKnownFileType = image.png; path = notice_eg.png; sourceTree = "<group>"; };
		215D0E9126329DF70091CD64 /* anonymous_user.png */ = {isa = PBXFileReference; lastKnownFileType = image.png; path = anonymous_user.png; sourceTree = "<group>"; };
		215D0E9226329DF70091CD64 /* arrow_right.png */ = {isa = PBXFileReference; lastKnownFileType = image.png; path = arrow_right.png; sourceTree = "<group>"; };
		215D0E9326329DF80091CD64 /* char_notice_detail.png */ = {isa = PBXFileReference; lastKnownFileType = image.png; path = char_notice_detail.png; sourceTree = "<group>"; };
		215D0E9426329DF80091CD64 /* notice_site.png */ = {isa = PBXFileReference; lastKnownFileType = image.png; path = notice_site.png; sourceTree = "<group>"; };
		215D0E9526329DF90091CD64 /* check_disabled_no.png */ = {isa = PBXFileReference; lastKnownFileType = image.png; path = check_disabled_no.png; sourceTree = "<group>"; };
		215D0E9626329DF90091CD64 /* btn_yellow_next.png */ = {isa = PBXFileReference; lastKnownFileType = image.png; path = btn_yellow_next.png; sourceTree = "<group>"; };
		215D0E9726329DF90091CD64 /* new_icon.png */ = {isa = PBXFileReference; lastKnownFileType = image.png; path = new_icon.png; sourceTree = "<group>"; };
		215D0EA62636915B0091CD64 /* SideMenuViewController.swift */ = {isa = PBXFileReference; lastKnownFileType = sourcecode.swift; path = SideMenuViewController.swift; sourceTree = "<group>"; };
		215D0F222638FB9D0091CD64 /* Saving.storyboard */ = {isa = PBXFileReference; lastKnownFileType = file.storyboard; path = Saving.storyboard; sourceTree = "<group>"; };
		215D0F25263904260091CD64 /* SavingViewController.swift */ = {isa = PBXFileReference; lastKnownFileType = sourcecode.swift; path = SavingViewController.swift; sourceTree = "<group>"; };
		21CCC1632648D25500EB219E /* Setting.storyboard */ = {isa = PBXFileReference; lastKnownFileType = file.storyboard; path = Setting.storyboard; sourceTree = "<group>"; };
		21CCC1652648D26F00EB219E /* SettingViewController.swift */ = {isa = PBXFileReference; lastKnownFileType = sourcecode.swift; path = SettingViewController.swift; sourceTree = "<group>"; };
		72AA361EB60FA6E603B13638 /* Pods-EgBuilding.debug.xcconfig */ = {isa = PBXFileReference; includeInIndex = 1; lastKnownFileType = text.xcconfig; name = "Pods-EgBuilding.debug.xcconfig"; path = "Target Support Files/Pods-EgBuilding/Pods-EgBuilding.debug.xcconfig"; sourceTree = "<group>"; };
		9FAFFCF6844B3C33829908EC /* Pods_EgBuilding.framework */ = {isa = PBXFileReference; explicitFileType = wrapper.framework; includeInIndex = 0; path = Pods_EgBuilding.framework; sourceTree = BUILT_PRODUCTS_DIR; };
		AA80A6FDF06EE0BAC0E68F8A /* Pods-EgBuilding.release.xcconfig */ = {isa = PBXFileReference; includeInIndex = 1; lastKnownFileType = text.xcconfig; name = "Pods-EgBuilding.release.xcconfig"; path = "Target Support Files/Pods-EgBuilding/Pods-EgBuilding.release.xcconfig"; sourceTree = "<group>"; };
/* End PBXFileReference section */

/* Begin PBXFrameworksBuildPhase section */
		215CF98526310EEB00F2C3CC /* Frameworks */ = {
			isa = PBXFrameworksBuildPhase;
			buildActionMask = 2147483647;
			files = (
				F23D9EF620D848FCE765FB30 /* Pods_EgBuilding.framework in Frameworks */,
				215D0EAB26369DB30091CD64 /* TTGaugeView in Frameworks */,
			);
			runOnlyForDeploymentPostprocessing = 0;
		};
/* End PBXFrameworksBuildPhase section */

/* Begin PBXGroup section */
		21017806264391020027899C /* Chart */ = {
			isa = PBXGroup;
			children = (
				21017808264391100027899C /* Components */,
				21017807264391080027899C /* Formatters */,
			);
			path = Chart;
			sourceTree = "<group>";
		};
		21017807264391080027899C /* Formatters */ = {
			isa = PBXGroup;
			children = (
				2101780C2643913F0027899C /* DailyChartFormatter.swift */,
				2101780B2643913E0027899C /* MonthlyChartFormatter28.swift */,
				2101780D2643913F0027899C /* MonthlyChartFormatter29.swift */,
				2101780E2643913F0027899C /* MonthlyChartFormatter30.swift */,
				210178092643913E0027899C /* MonthlyChartFormatter31.swift */,
				2101780A2643913E0027899C /* YearlyChartFormatter.swift */,
			);
			path = Formatters;
			sourceTree = "<group>";
		};
		21017808264391100027899C /* Components */ = {
			isa = PBXGroup;
			children = (
				21017818264391560027899C /* BalloonMarker.swift */,
				21017816264391560027899C /* RadarMarkerView.swift */,
				21017817264391560027899C /* XYMarkerView.swift */,
			);
			path = Components;
			sourceTree = "<group>";
		};
		215CF97F26310EEB00F2C3CC = {
			isa = PBXGroup;
			children = (
				215CF98A26310EEB00F2C3CC /* EgBuilding */,
				215CF98926310EEB00F2C3CC /* Products */,
				301B7B9A891B9BCB750B3684 /* Pods */,
				335157C839BA0B19FA5B352B /* Frameworks */,
			);
			sourceTree = "<group>";
		};
		215CF98926310EEB00F2C3CC /* Products */ = {
			isa = PBXGroup;
			children = (
				215CF98826310EEB00F2C3CC /* EgBuilding.app */,
			);
			name = Products;
			sourceTree = "<group>";
		};
		215CF98A26310EEB00F2C3CC /* EgBuilding */ = {
			isa = PBXGroup;
			children = (
				21017806264391020027899C /* Chart */,
				215CFA622631529B00F2C3CC /* CustomUiKit */,
				215CF9E4263141D100F2C3CC /* Image */,
				215CF9A626311B6D00F2C3CC /* Library */,
				215CF9A526311B6100F2C3CC /* Controller */,
				215CF9A826311B7E00F2C3CC /* Views */,
				215CF9A726311B7500F2C3CC /* Model */,
				215CF98B26310EEB00F2C3CC /* AppDelegate.swift */,
				215CF98D26310EEB00F2C3CC /* SceneDelegate.swift */,
				215CF99426310EEC00F2C3CC /* Assets.xcassets */,
				215CF99926310EEC00F2C3CC /* Info.plist */,
				215D0E6326328B110091CD64 /* GoogleService-Info.plist */,
				215CF9A926311D0B00F2C3CC /* Color.xcassets */,
			);
			path = EgBuilding;
			sourceTree = "<group>";
		};
		215CF9A526311B6100F2C3CC /* Controller */ = {
			isa = PBXGroup;
			children = (
				215CF98F26310EEB00F2C3CC /* MainViewController.swift */,
				215CF9B52631353A00F2C3CC /* LoginViewController.swift */,
				215CF9B82631359C00F2C3CC /* CustomUIViewController.swift */,
				215D0E6A26329CA60091CD64 /* ChangePasswordAuthViewController.swift */,
				215D0E6D26329CC40091CD64 /* ChangePasswordInputViewController.swift */,
				215D0EA62636915B0091CD64 /* SideMenuViewController.swift */,
				215D0F25263904260091CD64 /* SavingViewController.swift */,
				210177EF26438CE90027899C /* UsageDailyViewController.swift */,
				210177F226438CFB0027899C /* UsageMonthlyViewController.swift */,
				210177F526438D090027899C /* UsageYearlyViewController.swift */,
				210178232644D3E60027899C /* NoticeListViewController.swift */,
				210178262644D3FB0027899C /* NoticeViewController.swift */,
				210178292644D40A0027899C /* AlarmListViewController.swift */,
				2101782C2644D4140027899C /* AlarmViewController.swift */,
				21CCC1652648D26F00EB219E /* SettingViewController.swift */,
			);
			path = Controller;
			sourceTree = "<group>";
		};
		215CF9A626311B6D00F2C3CC /* Library */ = {
			isa = PBXGroup;
			children = (
				215CF9C12631362100F2C3CC /* CaApplication.swift */,
				215CF9C02631362100F2C3CC /* CaArg.swift */,
				215CF9BE2631362100F2C3CC /* CaEngine.swift */,
				215CF9BF2631362100F2C3CC /* CaInfo.swift */,
				215CF9BD2631362100F2C3CC /* CaPref.swift */,
				215CF9BB2631362100F2C3CC /* CaResult.swift */,
				215CF9C22631362100F2C3CC /* CaTask.swift */,
				215CF9C32631362100F2C3CC /* ServicePush.swift */,
				215CF9BC2631362100F2C3CC /* Toast.swift */,
			);
			path = Library;
			sourceTree = "<group>";
		};
		215CF9A726311B7500F2C3CC /* Model */ = {
			isa = PBXGroup;
			children = (
				215CFA69263262F100F2C3CC /* CaAlarm.swift */,
				215CFA6A263262F100F2C3CC /* CaNotice.swift */,
				215CFA6E263264DE00F2C3CC /* CaPlan.swift */,
				215CFA712632662300F2C3CC /* CaAct.swift */,
				215CFA742632667E00F2C3CC /* CaActHistory.swift */,
				215CFA772632673200F2C3CC /* CaMeter.swift */,
				215CFA7A2632678300F2C3CC /* CaMeterUsage.swift */,
			);
			path = Model;
			sourceTree = "<group>";
		};
		215CF9A826311B7E00F2C3CC /* Views */ = {
			isa = PBXGroup;
			children = (
				215CF99626310EEC00F2C3CC /* LaunchScreen.storyboard */,
				215CF99126310EEB00F2C3CC /* Login.storyboard */,
				215CF9B1263134D000F2C3CC /* Main.storyboard */,
				215D0E6726329C320091CD64 /* ChangePassword.storyboard */,
				215D0F222638FB9D0091CD64 /* Saving.storyboard */,
				210177EC264388B80027899C /* UsageDaily.storyboard */,
				210177F826438DF90027899C /* UsageMonthly.storyboard */,
				210177FB26438E070027899C /* UsageYearly.storyboard */,
				2101781D2643C0470027899C /* Notice.storyboard */,
				210178202643C6490027899C /* Alarm.storyboard */,
				21CCC1632648D25500EB219E /* Setting.storyboard */,
			);
			path = Views;
			sourceTree = "<group>";
		};
		215CF9E4263141D100F2C3CC /* Image */ = {
			isa = PBXGroup;
			children = (
				215D0E9126329DF70091CD64 /* anonymous_user.png */,
				215D0E8B26329DF50091CD64 /* arrow_right_hollow.png */,
				215D0E9226329DF70091CD64 /* arrow_right.png */,
				215D0E9626329DF90091CD64 /* btn_yellow_next.png */,
				215D0E8C26329DF50091CD64 /* change_password_man.png */,
				215D0E9326329DF80091CD64 /* char_notice_detail.png */,
				215D0E9526329DF90091CD64 /* check_disabled_no.png */,
				215D0E8D26329DF60091CD64 /* check_disabled_yes.png */,
				215D0E8E26329DF60091CD64 /* logout.png */,
				215D0E9726329DF90091CD64 /* new_icon.png */,
				215D0E9026329DF70091CD64 /* notice_eg.png */,
				215D0E9426329DF80091CD64 /* notice_site.png */,
				215D0E8F26329DF60091CD64 /* speaker_icon.png */,
				215CFA0B2631428C00F2C3CC /* _header_back.png */,
				215CFA222631429000F2C3CC /* _used_btn_day.png */,
				215CF9E72631428600F2C3CC /* _used_btn_dayweek.png */,
				215CFA1F2631428F00F2C3CC /* _used_btn_month_on.png */,
				215CF9EE2631428700F2C3CC /* alarm_icon.png */,
				215CF9EF2631428700F2C3CC /* btn_back_colored.png */,
				215CF9EC2631428700F2C3CC /* btn_back_light.png */,
				215CF9F22631428800F2C3CC /* btn_back.png */,
				215CF9F82631428900F2C3CC /* btn_menu.png */,
				215CFA182631428E00F2C3CC /* btn_menu3.png */,
				215CFA192631428F00F2C3CC /* btn_plus.png */,
				215CFA042631428B00F2C3CC /* btn_plus2.png */,
				215CF9F92631428900F2C3CC /* btn_search.png */,
				215CF9FD2631428A00F2C3CC /* check_no.png */,
				215CFA0A2631428C00F2C3CC /* check_yes.png */,
				215CF9EA2631428600F2C3CC /* circle_blue_dark.png */,
				215CFA232631429000F2C3CC /* circle_cyan_dark.png */,
				215CF9F62631428800F2C3CC /* circle_cyan_light.png */,
				215CFA162631428D00F2C3CC /* circle_gray.png */,
				215CFA062631428B00F2C3CC /* circle_green.png */,
				215CFA032631428A00F2C3CC /* circle_yellow_dark.png */,
				215CF9F42631428800F2C3CC /* dot_cyan.png */,
				215CFA0C2631428C00F2C3CC /* dot_yellow.png */,
				215CF9FE2631428A00F2C3CC /* energy_01.png */,
				215CFA152631428D00F2C3CC /* energy_02.png */,
				215CFA082631428B00F2C3CC /* energy_03.png */,
				215CFA092631428B00F2C3CC /* energy_04.png */,
				215CFA1C2631428F00F2C3CC /* energy_05.png */,
				215CFA1B2631428F00F2C3CC /* energy_06.png */,
				215CF9FB2631428900F2C3CC /* gg_1.png */,
				215CF9F72631428900F2C3CC /* gray_bar.png */,
				215CF9ED2631428700F2C3CC /* gray_line.png */,
				215CF9E82631428600F2C3CC /* ic_launcher_foreground.xml */,
				215CFA212631429000F2C3CC /* icon_bld.png */,
				215CFA012631428A00F2C3CC /* icon_bld2.png */,
				215CF9FF2631428A00F2C3CC /* icon_main_150.png */,
				215CF9F02631428700F2C3CC /* icon_main.png */,
				215CFA1A2631428F00F2C3CC /* login_id.png */,
				215CF9F12631428800F2C3CC /* login_pw.png */,
				215CFA0D2631428C00F2C3CC /* main_logo_a.png */,
				215CFA112631428D00F2C3CC /* main_logo_b.png */,
				215CFA072631428B00F2C3CC /* menu_alarm.png */,
				215CFA0E2631428C00F2C3CC /* menu_chart.png */,
				215CFA052631428B00F2C3CC /* menu_chart2.png */,
				215CFA0F2631428C00F2C3CC /* menu_logout.png */,
				215CF9F52631428800F2C3CC /* menu_notice.png */,
				215CFA122631428D00F2C3CC /* menu_point.png */,
				215CFA202631429000F2C3CC /* menu_setting.png */,
				215CFA102631428C00F2C3CC /* menu_site_state.png */,
				215CFA002631428A00F2C3CC /* menu_usage.png */,
				215CFA022631428A00F2C3CC /* notice_icon.png */,
				215CFA1D2631428F00F2C3CC /* push_icon.png */,
				215CFA142631428D00F2C3CC /* rectangular.png */,
				215CF9EB2631428700F2C3CC /* small_dot_grass.png */,
				215CF9E92631428600F2C3CC /* small_dot_gray.png */,
				215CFA172631428E00F2C3CC /* small_dot_pink.png */,
				215CF9F32631428800F2C3CC /* small_dot_pink2.png */,
				215CFA132631428D00F2C3CC /* small_dot_purple.png */,
				215CF9FA2631428900F2C3CC /* small_dot_yellow.png */,
				215CFA1E2631428F00F2C3CC /* small_password.png */,
				215CF9FC2631428900F2C3CC /* small_user.png */,
			);
			path = Image;
			sourceTree = "<group>";
		};
		215CFA622631529B00F2C3CC /* CustomUiKit */ = {
			isa = PBXGroup;
			children = (
				215CFA63263152B000F2C3CC /* DesignableUITextField.swift */,
				215CFA66263152BA00F2C3CC /* CustomSideMenuNavigationController.swift */,
			);
			path = CustomUiKit;
			sourceTree = "<group>";
		};
		301B7B9A891B9BCB750B3684 /* Pods */ = {
			isa = PBXGroup;
			children = (
				72AA361EB60FA6E603B13638 /* Pods-EgBuilding.debug.xcconfig */,
				AA80A6FDF06EE0BAC0E68F8A /* Pods-EgBuilding.release.xcconfig */,
			);
			path = Pods;
			sourceTree = "<group>";
		};
		335157C839BA0B19FA5B352B /* Frameworks */ = {
			isa = PBXGroup;
			children = (
				9FAFFCF6844B3C33829908EC /* Pods_EgBuilding.framework */,
			);
			name = Frameworks;
			sourceTree = "<group>";
		};
/* End PBXGroup section */

/* Begin PBXNativeTarget section */
		215CF98726310EEB00F2C3CC /* EgBuilding */ = {
			isa = PBXNativeTarget;
			buildConfigurationList = 215CF99C26310EEC00F2C3CC /* Build configuration list for PBXNativeTarget "EgBuilding" */;
			buildPhases = (
				6D89D5B926E823BD696E4849 /* [CP] Check Pods Manifest.lock */,
				215CF98426310EEB00F2C3CC /* Sources */,
				215CF98526310EEB00F2C3CC /* Frameworks */,
				215CF98626310EEB00F2C3CC /* Resources */,
				3F6F8FBC2E4666E151E53897 /* [CP] Embed Pods Frameworks */,
			);
			buildRules = (
			);
			dependencies = (
			);
			name = EgBuilding;
			packageProductDependencies = (
				215D0EAA26369DB30091CD64 /* TTGaugeView */,
			);
			productName = EgBuilding;
			productReference = 215CF98826310EEB00F2C3CC /* EgBuilding.app */;
			productType = "com.apple.product-type.application";
		};
/* End PBXNativeTarget section */

/* Begin PBXProject section */
		215CF98026310EEB00F2C3CC /* Project object */ = {
			isa = PBXProject;
			attributes = {
				LastSwiftUpdateCheck = 1240;
				LastUpgradeCheck = 1240;
				TargetAttributes = {
					215CF98726310EEB00F2C3CC = {
						CreatedOnToolsVersion = 12.4;
					};
				};
			};
			buildConfigurationList = 215CF98326310EEB00F2C3CC /* Build configuration list for PBXProject "EgBuilding" */;
			compatibilityVersion = "Xcode 9.3";
			developmentRegion = en;
			hasScannedForEncodings = 0;
			knownRegions = (
				en,
				Base,
			);
			mainGroup = 215CF97F26310EEB00F2C3CC;
			packageReferences = (
				215D0EA926369DB30091CD64 /* XCRemoteSwiftPackageReference "TTGaugeView" */,
			);
			productRefGroup = 215CF98926310EEB00F2C3CC /* Products */;
			projectDirPath = "";
			projectRoot = "";
			targets = (
				215CF98726310EEB00F2C3CC /* EgBuilding */,
			);
		};
/* End PBXProject section */

/* Begin PBXResourcesBuildPhase section */
		215CF98626310EEB00F2C3CC /* Resources */ = {
			isa = PBXResourcesBuildPhase;
			buildActionMask = 2147483647;
			files = (
				215CFA5A2631429000F2C3CC /* push_icon.png in Resources */,
				215D0EA426329DF90091CD64 /* new_icon.png in Resources */,
				215CFA442631429000F2C3CC /* menu_alarm.png in Resources */,
				215CFA412631429000F2C3CC /* btn_plus2.png in Resources */,
				215D0EA326329DF90091CD64 /* btn_yellow_next.png in Resources */,
				215CFA4B2631429000F2C3CC /* menu_chart.png in Resources */,
				215CFA502631429000F2C3CC /* small_dot_purple.png in Resources */,
				215CFA5F2631429000F2C3CC /* _used_btn_day.png in Resources */,
				215D0EA126329DF90091CD64 /* notice_site.png in Resources */,
				215CFA552631429000F2C3CC /* btn_menu3.png in Resources */,
				210177ED264388B80027899C /* UsageDaily.storyboard in Resources */,
				215CF99826310EEC00F2C3CC /* LaunchScreen.storyboard in Resources */,
				215D0E9E26329DF90091CD64 /* anonymous_user.png in Resources */,
				215CFA4F2631429000F2C3CC /* menu_point.png in Resources */,
				215CFA512631429000F2C3CC /* rectangular.png in Resources */,
				215CFA2F2631429000F2C3CC /* btn_back.png in Resources */,
				215CFA362631429000F2C3CC /* btn_search.png in Resources */,
				215CFA3F2631429000F2C3CC /* notice_icon.png in Resources */,
				215CFA272631429000F2C3CC /* circle_blue_dark.png in Resources */,
				215D0EA026329DF90091CD64 /* char_notice_detail.png in Resources */,
				215CFA5D2631429000F2C3CC /* menu_setting.png in Resources */,
				215CFA422631429000F2C3CC /* menu_chart2.png in Resources */,
				215CF9B2263134D000F2C3CC /* Main.storyboard in Resources */,
				215D0E9826329DF90091CD64 /* arrow_right_hollow.png in Resources */,
				215CFA3A2631429000F2C3CC /* check_no.png in Resources */,
				215CF9AA26311D0B00F2C3CC /* Color.xcassets in Resources */,
				215CFA2C2631429000F2C3CC /* btn_back_colored.png in Resources */,
				215CFA282631429000F2C3CC /* small_dot_grass.png in Resources */,
				2101781E2643C0470027899C /* Notice.storyboard in Resources */,
				215CFA372631429000F2C3CC /* small_dot_yellow.png in Resources */,
				215CFA402631429000F2C3CC /* circle_yellow_dark.png in Resources */,
				21CCC1642648D25500EB219E /* Setting.storyboard in Resources */,
				215CFA2D2631429000F2C3CC /* icon_main.png in Resources */,
				215CFA582631429000F2C3CC /* energy_06.png in Resources */,
				215CFA342631429000F2C3CC /* gray_bar.png in Resources */,
				215CFA562631429000F2C3CC /* btn_plus.png in Resources */,
				215CFA482631429000F2C3CC /* _header_back.png in Resources */,
				215D0E6426328B110091CD64 /* GoogleService-Info.plist in Resources */,
				215CFA3E2631429000F2C3CC /* icon_bld2.png in Resources */,
				215CFA322631429000F2C3CC /* menu_notice.png in Resources */,
				215CFA392631429000F2C3CC /* small_user.png in Resources */,
				215CFA292631429000F2C3CC /* btn_back_light.png in Resources */,
				215CFA5B2631429000F2C3CC /* small_password.png in Resources */,
				215CFA462631429000F2C3CC /* energy_04.png in Resources */,
				215CFA4E2631429000F2C3CC /* main_logo_b.png in Resources */,
				215D0E9D26329DF90091CD64 /* notice_eg.png in Resources */,
				215CFA2B2631429000F2C3CC /* alarm_icon.png in Resources */,
				215D0E6826329C320091CD64 /* ChangePassword.storyboard in Resources */,
				215CFA3C2631429000F2C3CC /* icon_main_150.png in Resources */,
				215CFA2A2631429000F2C3CC /* gray_line.png in Resources */,
				215CFA522631429000F2C3CC /* energy_02.png in Resources */,
				215CF99526310EEC00F2C3CC /* Assets.xcassets in Resources */,
				215CFA312631429000F2C3CC /* dot_cyan.png in Resources */,
				215CFA3B2631429000F2C3CC /* energy_01.png in Resources */,
				215CFA452631429000F2C3CC /* energy_03.png in Resources */,
				215CFA302631429000F2C3CC /* small_dot_pink2.png in Resources */,
				215CFA242631429000F2C3CC /* _used_btn_dayweek.png in Resources */,
				215CFA5C2631429000F2C3CC /* _used_btn_month_on.png in Resources */,
				215D0E9A26329DF90091CD64 /* check_disabled_yes.png in Resources */,
				215CFA332631429000F2C3CC /* circle_cyan_light.png in Resources */,
				215CFA432631429000F2C3CC /* circle_green.png in Resources */,
				215CFA352631429000F2C3CC /* btn_menu.png in Resources */,
				215CFA382631429000F2C3CC /* gg_1.png in Resources */,
				215D0E9926329DF90091CD64 /* change_password_man.png in Resources */,
				210177FC26438E070027899C /* UsageYearly.storyboard in Resources */,
				215CFA532631429000F2C3CC /* circle_gray.png in Resources */,
				215D0F232638FB9D0091CD64 /* Saving.storyboard in Resources */,
				215CFA472631429000F2C3CC /* check_yes.png in Resources */,
				215CF99326310EEB00F2C3CC /* Login.storyboard in Resources */,
				210177F926438DF90027899C /* UsageMonthly.storyboard in Resources */,
				215CFA572631429000F2C3CC /* login_id.png in Resources */,
				215CFA3D2631429000F2C3CC /* menu_usage.png in Resources */,
				215CFA592631429000F2C3CC /* energy_05.png in Resources */,
				215CFA262631429000F2C3CC /* small_dot_gray.png in Resources */,
				215CFA2E2631429000F2C3CC /* login_pw.png in Resources */,
				215CFA5E2631429000F2C3CC /* icon_bld.png in Resources */,
				215CFA492631429000F2C3CC /* dot_yellow.png in Resources */,
				215CFA542631429000F2C3CC /* small_dot_pink.png in Resources */,
				215CFA252631429000F2C3CC /* ic_launcher_foreground.xml in Resources */,
				215D0EA226329DF90091CD64 /* check_disabled_no.png in Resources */,
				215CFA602631429000F2C3CC /* circle_cyan_dark.png in Resources */,
				215CFA4C2631429000F2C3CC /* menu_logout.png in Resources */,
				215CFA4A2631429000F2C3CC /* main_logo_a.png in Resources */,
				215CFA4D2631429000F2C3CC /* menu_site_state.png in Resources */,
				215D0E9C26329DF90091CD64 /* speaker_icon.png in Resources */,
				210178212643C6490027899C /* Alarm.storyboard in Resources */,
				215D0E9F26329DF90091CD64 /* arrow_right.png in Resources */,
				215D0E9B26329DF90091CD64 /* logout.png in Resources */,
			);
			runOnlyForDeploymentPostprocessing = 0;
		};
/* End PBXResourcesBuildPhase section */

/* Begin PBXShellScriptBuildPhase section */
		3F6F8FBC2E4666E151E53897 /* [CP] Embed Pods Frameworks */ = {
			isa = PBXShellScriptBuildPhase;
			buildActionMask = 2147483647;
			files = (
			);
			inputFileListPaths = (
				"${PODS_ROOT}/Target Support Files/Pods-EgBuilding/Pods-EgBuilding-frameworks-${CONFIGURATION}-input-files.xcfilelist",
			);
			name = "[CP] Embed Pods Frameworks";
			outputFileListPaths = (
				"${PODS_ROOT}/Target Support Files/Pods-EgBuilding/Pods-EgBuilding-frameworks-${CONFIGURATION}-output-files.xcfilelist",
			);
			runOnlyForDeploymentPostprocessing = 0;
			shellPath = /bin/sh;
			shellScript = "\"${PODS_ROOT}/Target Support Files/Pods-EgBuilding/Pods-EgBuilding-frameworks.sh\"\n";
			showEnvVarsInLog = 0;
		};
		6D89D5B926E823BD696E4849 /* [CP] Check Pods Manifest.lock */ = {
			isa = PBXShellScriptBuildPhase;
			buildActionMask = 2147483647;
			files = (
			);
			inputFileListPaths = (
			);
			inputPaths = (
				"${PODS_PODFILE_DIR_PATH}/Podfile.lock",
				"${PODS_ROOT}/Manifest.lock",
			);
			name = "[CP] Check Pods Manifest.lock";
			outputFileListPaths = (
			);
			outputPaths = (
				"$(DERIVED_FILE_DIR)/Pods-EgBuilding-checkManifestLockResult.txt",
			);
			runOnlyForDeploymentPostprocessing = 0;
			shellPath = /bin/sh;
			shellScript = "diff \"${PODS_PODFILE_DIR_PATH}/Podfile.lock\" \"${PODS_ROOT}/Manifest.lock\" > /dev/null\nif [ $? != 0 ] ; then\n    # print error to STDERR\n    echo \"error: The sandbox is not in sync with the Podfile.lock. Run 'pod install' or update your CocoaPods installation.\" >&2\n    exit 1\nfi\n# This output is used by Xcode 'outputs' to avoid re-running this script phase.\necho \"SUCCESS\" > \"${SCRIPT_OUTPUT_FILE_0}\"\n";
			showEnvVarsInLog = 0;
		};
/* End PBXShellScriptBuildPhase section */

/* Begin PBXSourcesBuildPhase section */
		215CF98426310EEB00F2C3CC /* Sources */ = {
			isa = PBXSourcesBuildPhase;
			buildActionMask = 2147483647;
			files = (
				215CFA64263152B000F2C3CC /* DesignableUITextField.swift in Sources */,
				2101782D2644D4140027899C /* AlarmViewController.swift in Sources */,
				2101781A264391560027899C /* XYMarkerView.swift in Sources */,
				215CF9C62631362100F2C3CC /* CaPref.swift in Sources */,
				215CF9B62631353A00F2C3CC /* LoginViewController.swift in Sources */,
				2101780F2643913F0027899C /* MonthlyChartFormatter31.swift in Sources */,
				215D0E6B26329CA60091CD64 /* ChangePasswordAuthViewController.swift in Sources */,
				210177F026438CE90027899C /* UsageDailyViewController.swift in Sources */,
				210177F326438CFB0027899C /* UsageMonthlyViewController.swift in Sources */,
				215CF9CA2631362100F2C3CC /* CaApplication.swift in Sources */,
				215CF9CB2631362100F2C3CC /* CaTask.swift in Sources */,
				210177F626438D090027899C /* UsageYearlyViewController.swift in Sources */,
				21017819264391560027899C /* RadarMarkerView.swift in Sources */,
				215CFA6B263262F100F2C3CC /* CaAlarm.swift in Sources */,
				215CF99026310EEB00F2C3CC /* MainViewController.swift in Sources */,
				215D0F26263904260091CD64 /* SavingViewController.swift in Sources */,
				215CF9C42631362100F2C3CC /* CaResult.swift in Sources */,
				210178272644D3FB0027899C /* NoticeViewController.swift in Sources */,
				215CF9B92631359C00F2C3CC /* CustomUIViewController.swift in Sources */,
				215CF98C26310EEB00F2C3CC /* AppDelegate.swift in Sources */,
				215CF98E26310EEB00F2C3CC /* SceneDelegate.swift in Sources */,
				210178102643913F0027899C /* YearlyChartFormatter.swift in Sources */,
				215CF9CC2631362100F2C3CC /* ServicePush.swift in Sources */,
				21CCC1662648D26F00EB219E /* SettingViewController.swift in Sources */,
				215CF9C72631362100F2C3CC /* CaEngine.swift in Sources */,
				215CFA7B2632678300F2C3CC /* CaMeterUsage.swift in Sources */,
				215D0E6E26329CC40091CD64 /* ChangePasswordInputViewController.swift in Sources */,
				215D0EA72636915B0091CD64 /* SideMenuViewController.swift in Sources */,
				210178122643913F0027899C /* DailyChartFormatter.swift in Sources */,
				215CFA782632673200F2C3CC /* CaMeter.swift in Sources */,
				2101782A2644D40A0027899C /* AlarmListViewController.swift in Sources */,
				215CFA67263152BA00F2C3CC /* CustomSideMenuNavigationController.swift in Sources */,
				210178132643913F0027899C /* MonthlyChartFormatter29.swift in Sources */,
				215CF9C52631362100F2C3CC /* Toast.swift in Sources */,
				2101781B264391560027899C /* BalloonMarker.swift in Sources */,
				210178142643913F0027899C /* MonthlyChartFormatter30.swift in Sources */,
				215CF9C92631362100F2C3CC /* CaArg.swift in Sources */,
				215CFA752632667E00F2C3CC /* CaActHistory.swift in Sources */,
				215CF9C82631362100F2C3CC /* CaInfo.swift in Sources */,
				210178112643913F0027899C /* MonthlyChartFormatter28.swift in Sources */,
				215CFA6C263262F100F2C3CC /* CaNotice.swift in Sources */,
				215CFA722632662300F2C3CC /* CaAct.swift in Sources */,
				210178242644D3E60027899C /* NoticeListViewController.swift in Sources */,
				215CFA6F263264DE00F2C3CC /* CaPlan.swift in Sources */,
			);
			runOnlyForDeploymentPostprocessing = 0;
		};
/* End PBXSourcesBuildPhase section */

/* Begin PBXVariantGroup section */
		215CF99126310EEB00F2C3CC /* Login.storyboard */ = {
			isa = PBXVariantGroup;
			children = (
				215CF99226310EEB00F2C3CC /* Base */,
			);
			name = Login.storyboard;
			sourceTree = "<group>";
		};
		215CF99626310EEC00F2C3CC /* LaunchScreen.storyboard */ = {
			isa = PBXVariantGroup;
			children = (
				215CF99726310EEC00F2C3CC /* Base */,
			);
			name = LaunchScreen.storyboard;
			sourceTree = "<group>";
		};
/* End PBXVariantGroup section */

/* Begin XCBuildConfiguration section */
		215CF99A26310EEC00F2C3CC /* Debug */ = {
			isa = XCBuildConfiguration;
			buildSettings = {
				ALWAYS_SEARCH_USER_PATHS = NO;
				CLANG_ANALYZER_NONNULL = YES;
				CLANG_ANALYZER_NUMBER_OBJECT_CONVERSION = YES_AGGRESSIVE;
				CLANG_CXX_LANGUAGE_STANDARD = "gnu++14";
				CLANG_CXX_LIBRARY = "libc++";
				CLANG_ENABLE_MODULES = YES;
				CLANG_ENABLE_OBJC_ARC = YES;
				CLANG_ENABLE_OBJC_WEAK = YES;
				CLANG_WARN_BLOCK_CAPTURE_AUTORELEASING = YES;
				CLANG_WARN_BOOL_CONVERSION = YES;
				CLANG_WARN_COMMA = YES;
				CLANG_WARN_CONSTANT_CONVERSION = YES;
				CLANG_WARN_DEPRECATED_OBJC_IMPLEMENTATIONS = YES;
				CLANG_WARN_DIRECT_OBJC_ISA_USAGE = YES_ERROR;
				CLANG_WARN_DOCUMENTATION_COMMENTS = YES;
				CLANG_WARN_EMPTY_BODY = YES;
				CLANG_WARN_ENUM_CONVERSION = YES;
				CLANG_WARN_INFINITE_RECURSION = YES;
				CLANG_WARN_INT_CONVERSION = YES;
				CLANG_WARN_NON_LITERAL_NULL_CONVERSION = YES;
				CLANG_WARN_OBJC_IMPLICIT_RETAIN_SELF = YES;
				CLANG_WARN_OBJC_LITERAL_CONVERSION = YES;
				CLANG_WARN_OBJC_ROOT_CLASS = YES_ERROR;
				CLANG_WARN_QUOTED_INCLUDE_IN_FRAMEWORK_HEADER = YES;
				CLANG_WARN_RANGE_LOOP_ANALYSIS = YES;
				CLANG_WARN_STRICT_PROTOTYPES = YES;
				CLANG_WARN_SUSPICIOUS_MOVE = YES;
				CLANG_WARN_UNGUARDED_AVAILABILITY = YES_AGGRESSIVE;
				CLANG_WARN_UNREACHABLE_CODE = YES;
				CLANG_WARN__DUPLICATE_METHOD_MATCH = YES;
				COPY_PHASE_STRIP = NO;
				DEBUG_INFORMATION_FORMAT = dwarf;
				ENABLE_STRICT_OBJC_MSGSEND = YES;
				ENABLE_TESTABILITY = YES;
				GCC_C_LANGUAGE_STANDARD = gnu11;
				GCC_DYNAMIC_NO_PIC = NO;
				GCC_NO_COMMON_BLOCKS = YES;
				GCC_OPTIMIZATION_LEVEL = 0;
				GCC_PREPROCESSOR_DEFINITIONS = (
					"DEBUG=1",
					"$(inherited)",
				);
				GCC_WARN_64_TO_32_BIT_CONVERSION = YES;
				GCC_WARN_ABOUT_RETURN_TYPE = YES_ERROR;
				GCC_WARN_UNDECLARED_SELECTOR = YES;
				GCC_WARN_UNINITIALIZED_AUTOS = YES_AGGRESSIVE;
				GCC_WARN_UNUSED_FUNCTION = YES;
				GCC_WARN_UNUSED_VARIABLE = YES;
				IPHONEOS_DEPLOYMENT_TARGET = 14.4;
				MTL_ENABLE_DEBUG_INFO = INCLUDE_SOURCE;
				MTL_FAST_MATH = YES;
				ONLY_ACTIVE_ARCH = YES;
				SDKROOT = iphoneos;
				SWIFT_ACTIVE_COMPILATION_CONDITIONS = DEBUG;
				SWIFT_OPTIMIZATION_LEVEL = "-Onone";
			};
			name = Debug;
		};
		215CF99B26310EEC00F2C3CC /* Release */ = {
			isa = XCBuildConfiguration;
			buildSettings = {
				ALWAYS_SEARCH_USER_PATHS = NO;
				CLANG_ANALYZER_NONNULL = YES;
				CLANG_ANALYZER_NUMBER_OBJECT_CONVERSION = YES_AGGRESSIVE;
				CLANG_CXX_LANGUAGE_STANDARD = "gnu++14";
				CLANG_CXX_LIBRARY = "libc++";
				CLANG_ENABLE_MODULES = YES;
				CLANG_ENABLE_OBJC_ARC = YES;
				CLANG_ENABLE_OBJC_WEAK = YES;
				CLANG_WARN_BLOCK_CAPTURE_AUTORELEASING = YES;
				CLANG_WARN_BOOL_CONVERSION = YES;
				CLANG_WARN_COMMA = YES;
				CLANG_WARN_CONSTANT_CONVERSION = YES;
				CLANG_WARN_DEPRECATED_OBJC_IMPLEMENTATIONS = YES;
				CLANG_WARN_DIRECT_OBJC_ISA_USAGE = YES_ERROR;
				CLANG_WARN_DOCUMENTATION_COMMENTS = YES;
				CLANG_WARN_EMPTY_BODY = YES;
				CLANG_WARN_ENUM_CONVERSION = YES;
				CLANG_WARN_INFINITE_RECURSION = YES;
				CLANG_WARN_INT_CONVERSION = YES;
				CLANG_WARN_NON_LITERAL_NULL_CONVERSION = YES;
				CLANG_WARN_OBJC_IMPLICIT_RETAIN_SELF = YES;
				CLANG_WARN_OBJC_LITERAL_CONVERSION = YES;
				CLANG_WARN_OBJC_ROOT_CLASS = YES_ERROR;
				CLANG_WARN_QUOTED_INCLUDE_IN_FRAMEWORK_HEADER = YES;
				CLANG_WARN_RANGE_LOOP_ANALYSIS = YES;
				CLANG_WARN_STRICT_PROTOTYPES = YES;
				CLANG_WARN_SUSPICIOUS_MOVE = YES;
				CLANG_WARN_UNGUARDED_AVAILABILITY = YES_AGGRESSIVE;
				CLANG_WARN_UNREACHABLE_CODE = YES;
				CLANG_WARN__DUPLICATE_METHOD_MATCH = YES;
				COPY_PHASE_STRIP = NO;
				DEBUG_INFORMATION_FORMAT = "dwarf-with-dsym";
				ENABLE_NS_ASSERTIONS = NO;
				ENABLE_STRICT_OBJC_MSGSEND = YES;
				GCC_C_LANGUAGE_STANDARD = gnu11;
				GCC_NO_COMMON_BLOCKS = YES;
				GCC_WARN_64_TO_32_BIT_CONVERSION = YES;
				GCC_WARN_ABOUT_RETURN_TYPE = YES_ERROR;
				GCC_WARN_UNDECLARED_SELECTOR = YES;
				GCC_WARN_UNINITIALIZED_AUTOS = YES_AGGRESSIVE;
				GCC_WARN_UNUSED_FUNCTION = YES;
				GCC_WARN_UNUSED_VARIABLE = YES;
				IPHONEOS_DEPLOYMENT_TARGET = 14.4;
				MTL_ENABLE_DEBUG_INFO = NO;
				MTL_FAST_MATH = YES;
				SDKROOT = iphoneos;
				SWIFT_COMPILATION_MODE = wholemodule;
				SWIFT_OPTIMIZATION_LEVEL = "-O";
				VALIDATE_PRODUCT = YES;
			};
			name = Release;
		};
		215CF99D26310EEC00F2C3CC /* Debug */ = {
			isa = XCBuildConfiguration;
			baseConfigurationReference = 72AA361EB60FA6E603B13638 /* Pods-EgBuilding.debug.xcconfig */;
			buildSettings = {
				ASSETCATALOG_COMPILER_APPICON_NAME = AppIcon;
				ASSETCATALOG_COMPILER_GLOBAL_ACCENT_COLOR_NAME = AccentColor;
				CODE_SIGN_IDENTITY = "iPhone Developer";
				CODE_SIGN_STYLE = Manual;
				DEVELOPMENT_TEAM = 658RN955X2;
				INFOPLIST_FILE = EgBuilding/Info.plist;
				IPHONEOS_DEPLOYMENT_TARGET = 13.0;
				LD_RUNPATH_SEARCH_PATHS = (
					"$(inherited)",
					"@executable_path/Frameworks",
				);
				MARKETING_VERSION = 1.0.0;
				PRODUCT_BUNDLE_IDENTIFIER = net.iener.EgBuilding;
				PRODUCT_NAME = "$(TARGET_NAME)";
				PROVISIONING_PROFILE_SPECIFIER = "EGBLD Development";
				SWIFT_VERSION = 5.0;
				TARGETED_DEVICE_FAMILY = 1;
			};
			name = Debug;
		};
		215CF99E26310EEC00F2C3CC /* Release */ = {
			isa = XCBuildConfiguration;
			baseConfigurationReference = AA80A6FDF06EE0BAC0E68F8A /* Pods-EgBuilding.release.xcconfig */;
			buildSettings = {
				ASSETCATALOG_COMPILER_APPICON_NAME = AppIcon;
				ASSETCATALOG_COMPILER_GLOBAL_ACCENT_COLOR_NAME = AccentColor;
				CODE_SIGN_IDENTITY = "iPhone Distribution";
				CODE_SIGN_STYLE = Manual;
				DEVELOPMENT_TEAM = 658RN955X2;
				INFOPLIST_FILE = EgBuilding/Info.plist;
				IPHONEOS_DEPLOYMENT_TARGET = 13.0;
				LD_RUNPATH_SEARCH_PATHS = (
					"$(inherited)",
					"@executable_path/Frameworks",
				);
				MARKETING_VERSION = 1.0.0;
				PRODUCT_BUNDLE_IDENTIFIER = net.iener.EgBuilding;
				PRODUCT_NAME = "$(TARGET_NAME)";
				PROVISIONING_PROFILE_SPECIFIER = "EGBLD Distribution";
				SWIFT_VERSION = 5.0;
				TARGETED_DEVICE_FAMILY = 1;
			};
			name = Release;
		};
/* End XCBuildConfiguration section */

/* Begin XCConfigurationList section */
		215CF98326310EEB00F2C3CC /* Build configuration list for PBXProject "EgBuilding" */ = {
			isa = XCConfigurationList;
			buildConfigurations = (
				215CF99A26310EEC00F2C3CC /* Debug */,
				215CF99B26310EEC00F2C3CC /* Release */,
			);
			defaultConfigurationIsVisible = 0;
			defaultConfigurationName = Release;
		};
		215CF99C26310EEC00F2C3CC /* Build configuration list for PBXNativeTarget "EgBuilding" */ = {
			isa = XCConfigurationList;
			buildConfigurations = (
				215CF99D26310EEC00F2C3CC /* Debug */,
				215CF99E26310EEC00F2C3CC /* Release */,
			);
			defaultConfigurationIsVisible = 0;
			defaultConfigurationName = Release;
		};
/* End XCConfigurationList section */

/* Begin XCRemoteSwiftPackageReference section */
		215D0EA926369DB30091CD64 /* XCRemoteSwiftPackageReference "TTGaugeView" */ = {
			isa = XCRemoteSwiftPackageReference;
			repositoryURL = "https://github.com/honkmaster/TTGaugeView";
			requirement = {
				branch = master;
				kind = branch;
			};
		};
/* End XCRemoteSwiftPackageReference section */

/* Begin XCSwiftPackageProductDependency section */
		215D0EAA26369DB30091CD64 /* TTGaugeView */ = {
			isa = XCSwiftPackageProductDependency;
			package = 215D0EA926369DB30091CD64 /* XCRemoteSwiftPackageReference "TTGaugeView" */;
			productName = TTGaugeView;
		};
/* End XCSwiftPackageProductDependency section */
	};
	rootObject = 215CF98026310EEB00F2C3CC /* Project object */;
}
